
Microsoft Visual Studio Solution File, Format Version 12.00
# Visual Studio Version 16
VisualStudioVersion = 16.0.31410.357
MinimumVisualStudioVersion = 10.0.40219.1
Project("{FAE04EC0-301F-11D3-BF4B-00C04F79EFBC}") = "HomeWorkoutApp.UWP", "HomeWorkoutApp\HomeWorkoutApp.UWP\HomeWorkoutApp.UWP.csproj", "{2EF03E65-5F03-4DE3-A8C0-DB5C95776A34}"
EndProject
Project("{FAE04EC0-301F-11D3-BF4B-00C04F79EFBC}") = "HomeWorkoutApp.Android", "HomeWorkoutApp\HomeWorkoutApp.Android\HomeWorkoutApp.Android.csproj", "{C67E8E65-33D2-47AB-B2A8-68419900A589}"
EndProject
Project("{FAE04EC0-301F-11D3-BF4B-00C04F79EFBC}") = "HomeWorkoutApp.iOS", "HomeWorkoutApp\HomeWorkoutApp.iOS\HomeWorkoutApp.iOS.csproj", "{5F4EAE44-4ABB-47E6-A5AA-7ED9791877A9}"
EndProject
Project("{FAE04EC0-301F-11D3-BF4B-00C04F79EFBC}") = "HomeWorkoutApp", "HomeWorkoutApp\HomeWorkoutApp\HomeWorkoutApp.csproj", "{B2C01D8E-3FCF-4152-8547-68F5C2CC008D}"
EndProject
Global
	GlobalSection(SolutionConfigurationPlatforms) = preSolution
		Debug|Any CPU = Debug|Any CPU
		Debug|ARM = Debug|ARM
		Debug|iPhone = Debug|iPhone
		Debug|iPhoneSimulator = Debug|iPhoneSimulator
		Debug|x64 = Debug|x64
		Debug|x86 = Debug|x86
		Release|Any CPU = Release|Any CPU
		Release|ARM = Release|ARM
		Release|iPhone = Release|iPhone
		Release|iPhoneSimulator = Release|iPhoneSimulator
		Release|x64 = Release|x64
		Release|x86 = Release|x86
	EndGlobalSection
	GlobalSection(ProjectConfigurationPlatforms) = postSolution
		{2EF03E65-5F03-4DE3-A8C0-DB5C95776A34}.Debug|Any CPU.ActiveCfg = Debug|x86
		{2EF03E65-5F03-4DE3-A8C0-DB5C95776A34}.Debug|Any CPU.Build.0 = Debug|x86
		{2EF03E65-5F03-4DE3-A8C0-DB5C95776A34}.Debug|Any CPU.Deploy.0 = Debug|x86
		{2EF03E65-5F03-4DE3-A8C0-DB5C95776A34}.Debug|ARM.ActiveCfg = Debug|ARM
		{2EF03E65-5F03-4DE3-A8C0-DB5C95776A34}.Debug|ARM.Build.0 = Debug|ARM
		{2EF03E65-5F03-4DE3-A8C0-DB5C95776A34}.Debug|ARM.Deploy.0 = Debug|ARM
		{2EF03E65-5F03-4DE3-A8C0-DB5C95776A34}.Debug|iPhone.ActiveCfg = Debug|x86
		{2EF03E65-5F03-4DE3-A8C0-DB5C95776A34}.Debug|iPhone.Build.0 = Debug|x86
		{2EF03E65-5F03-4DE3-A8C0-DB5C95776A34}.Debug|iPhone.Deploy.0 = Debug|x86
		{2EF03E65-5F03-4DE3-A8C0-DB5C95776A34}.Debug|iPhoneSimulator.ActiveCfg = Debug|x86
		{2EF03E65-5F03-4DE3-A8C0-DB5C95776A34}.Debug|iPhoneSimulator.Build.0 = Debug|x86
		{2EF03E65-5F03-4DE3-A8C0-DB5C95776A34}.Debug|iPhoneSimulator.Deploy.0 = Debug|x86
		{2EF03E65-5F03-4DE3-A8C0-DB5C95776A34}.Debug|x64.ActiveCfg = Debug|x64
		{2EF03E65-5F03-4DE3-A8C0-DB5C95776A34}.Debug|x64.Build.0 = Debug|x64
		{2EF03E65-5F03-4DE3-A8C0-DB5C95776A34}.Debug|x64.Deploy.0 = Debug|x64
		{2EF03E65-5F03-4DE3-A8C0-DB5C95776A34}.Debug|x86.ActiveCfg = Debug|x86
		{2EF03E65-5F03-4DE3-A8C0-DB5C95776A34}.Debug|x86.Build.0 = Debug|x86
		{2EF03E65-5F03-4DE3-A8C0-DB5C95776A34}.Debug|x86.Deploy.0 = Debug|x86
		{2EF03E65-5F03-4DE3-A8C0-DB5C95776A34}.Release|Any CPU.ActiveCfg = Release|x86
		{2EF03E65-5F03-4DE3-A8C0-DB5C95776A34}.Release|Any CPU.Build.0 = Release|x86
		{2EF03E65-5F03-4DE3-A8C0-DB5C95776A34}.Release|Any CPU.Deploy.0 = Release|x86
		{2EF03E65-5F03-4DE3-A8C0-DB5C95776A34}.Release|ARM.ActiveCfg = Release|ARM
		{2EF03E65-5F03-4DE3-A8C0-DB5C95776A34}.Release|ARM.Build.0 = Release|ARM
		{2EF03E65-5F03-4DE3-A8C0-DB5C95776A34}.Release|ARM.Deploy.0 = Release|ARM
		{2EF03E65-5F03-4DE3-A8C0-DB5C95776A34}.Release|iPhone.ActiveCfg = Release|x86
		{2EF03E65-5F03-4DE3-A8C0-DB5C95776A34}.Release|iPhone.Build.0 = Release|x86
		{2EF03E65-5F03-4DE3-A8C0-DB5C95776A34}.Release|iPhone.Deploy.0 = Release|x86
		{2EF03E65-5F03-4DE3-A8C0-DB5C95776A34}.Release|iPhoneSimulator.ActiveCfg = Release|x86
		{2EF03E65-5F03-4DE3-A8C0-DB5C95776A34}.Release|iPhoneSimulator.Build.0 = Release|x86
		{2EF03E65-5F03-4DE3-A8C0-DB5C95776A34}.Release|iPhoneSimulator.Deploy.0 = Release|x86
		{2EF03E65-5F03-4DE3-A8C0-DB5C95776A34}.Release|x64.ActiveCfg = Release|x64
		{2EF03E65-5F03-4DE3-A8C0-DB5C95776A34}.Release|x64.Build.0 = Release|x64
		{2EF03E65-5F03-4DE3-A8C0-DB5C95776A34}.Release|x64.Deploy.0 = Release|x64
		{2EF03E65-5F03-4DE3-A8C0-DB5C95776A34}.Release|x86.ActiveCfg = Release|x86
		{2EF03E65-5F03-4DE3-A8C0-DB5C95776A34}.Release|x86.Build.0 = Release|x86
		{2EF03E65-5F03-4DE3-A8C0-DB5C95776A34}.Release|x86.Deploy.0 = Release|x86
		{C67E8E65-33D2-47AB-B2A8-68419900A589}.Debug|Any CPU.ActiveCfg = Debug|Any CPU
		{C67E8E65-33D2-47AB-B2A8-68419900A589}.Debug|Any CPU.Build.0 = Debug|Any CPU
		{C67E8E65-33D2-47AB-B2A8-68419900A589}.Debug|Any CPU.Deploy.0 = Debug|Any CPU
		{C67E8E65-33D2-47AB-B2A8-68419900A589}.Debug|ARM.ActiveCfg = Debug|Any CPU
		{C67E8E65-33D2-47AB-B2A8-68419900A589}.Debug|ARM.Build.0 = Debug|Any CPU
		{C67E8E65-33D2-47AB-B2A8-68419900A589}.Debug|ARM.Deploy.0 = Debug|Any CPU
		{C67E8E65-33D2-47AB-B2A8-68419900A589}.Debug|iPhone.ActiveCfg = Debug|Any CPU
		{C67E8E65-33D2-47AB-B2A8-68419900A589}.Debug|iPhone.Build.0 = Debug|Any CPU
		{C67E8E65-33D2-47AB-B2A8-68419900A589}.Debug|iPhone.Deploy.0 = Debug|Any CPU
		{C67E8E65-33D2-47AB-B2A8-68419900A589}.Debug|iPhoneSimulator.ActiveCfg = Debug|Any CPU
		{C67E8E65-33D2-47AB-B2A8-68419900A589}.Debug|iPhoneSimulator.Build.0 = Debug|Any CPU
		{C67E8E65-33D2-47AB-B2A8-68419900A589}.Debug|iPhoneSimulator.Deploy.0 = Debug|Any CPU
		{C67E8E65-33D2-47AB-B2A8-68419900A589}.Debug|x64.ActiveCfg = Debug|Any CPU
		{C67E8E65-33D2-47AB-B2A8-68419900A589}.Debug|x64.Build.0 = Debug|Any CPU
		{C67E8E65-33D2-47AB-B2A8-68419900A589}.Debug|x64.Deploy.0 = Debug|Any CPU
		{C67E8E65-33D2-47AB-B2A8-68419900A589}.Debug|x86.ActiveCfg = Debug|Any CPU
		{C67E8E65-33D2-47AB-B2A8-68419900A589}.Debug|x86.Build.0 = Debug|Any CPU
		{C67E8E65-33D2-47AB-B2A8-68419900A589}.Debug|x86.Deploy.0 = Debug|Any CPU
		{C67E8E65-33D2-47AB-B2A8-68419900A589}.Release|Any CPU.ActiveCfg = Release|Any CPU
		{C67E8E65-33D2-47AB-B2A8-68419900A589}.Release|Any CPU.Build.0 = Release|Any CPU
		{C67E8E65-33D2-47AB-B2A8-68419900A589}.Release|Any CPU.Deploy.0 = Release|Any CPU
		{C67E8E65-33D2-47AB-B2A8-68419900A589}.Release|ARM.ActiveCfg = Release|Any CPU
		{C67E8E65-33D2-47AB-B2A8-68419900A589}.Release|ARM.Build.0 = Release|Any CPU
		{C67E8E65-33D2-47AB-B2A8-68419900A589}.Release|ARM.Deploy.0 = Release|Any CPU
		{C67E8E65-33D2-47AB-B2A8-68419900A589}.Release|iPhone.ActiveCfg = Release|Any CPU
		{C67E8E65-33D2-47AB-B2A8-68419900A589}.Release|iPhone.Build.0 = Release|Any CPU
		{C67E8E65-33D2-47AB-B2A8-68419900A589}.Release|iPhone.Deploy.0 = Release|Any CPU
		{C67E8E65-33D2-47AB-B2A8-68419900A589}.Release|iPhoneSimulator.ActiveCfg = Release|Any CPU
		{C67E8E65-33D2-47AB-B2A8-68419900A589}.Release|iPhoneSimulator.Build.0 = Release|Any CPU
		{C67E8E65-33D2-47AB-B2A8-68419900A589}.Release|iPhoneSimulator.Deploy.0 = Release|Any CPU
		{C67E8E65-33D2-47AB-B2A8-68419900A589}.Release|x64.ActiveCfg = Release|Any CPU
		{C67E8E65-33D2-47AB-B2A8-68419900A589}.Release|x64.Build.0 = Release|Any CPU
		{C67E8E65-33D2-47AB-B2A8-68419900A589}.Release|x64.Deploy.0 = Release|Any CPU
		{C67E8E65-33D2-47AB-B2A8-68419900A589}.Release|x86.ActiveCfg = Release|Any CPU
		{C67E8E65-33D2-47AB-B2A8-68419900A589}.Release|x86.Build.0 = Release|Any CPU
		{C67E8E65-33D2-47AB-B2A8-68419900A589}.Release|x86.Deploy.0 = Release|Any CPU
		{5F4EAE44-4ABB-47E6-A5AA-7ED9791877A9}.Debug|Any CPU.ActiveCfg = Debug|iPhoneSimulator
		{5F4EAE44-4ABB-47E6-A5AA-7ED9791877A9}.Debug|Any CPU.Build.0 = Debug|iPhoneSimulator
		{5F4EAE44-4ABB-47E6-A5AA-7ED9791877A9}.Debug|Any CPU.Deploy.0 = Debug|iPhoneSimulator
		{5F4EAE44-4ABB-47E6-A5AA-7ED9791877A9}.Debug|ARM.ActiveCfg = Debug|iPhone
		{5F4EAE44-4ABB-47E6-A5AA-7ED9791877A9}.Debug|ARM.Build.0 = Debug|iPhone
		{5F4EAE44-4ABB-47E6-A5AA-7ED9791877A9}.Debug|ARM.Deploy.0 = Debug|iPhone
		{5F4EAE44-4ABB-47E6-A5AA-7ED9791877A9}.Debug|iPhone.ActiveCfg = Debug|iPhone
		{5F4EAE44-4ABB-47E6-A5AA-7ED9791877A9}.Debug|iPhone.Build.0 = Debug|iPhone
		{5F4EAE44-4ABB-47E6-A5AA-7ED9791877A9}.Debug|iPhone.Deploy.0 = Debug|iPhone
		{5F4EAE44-4ABB-47E6-A5AA-7ED9791877A9}.Debug|iPhoneSimulator.ActiveCfg = Debug|iPhoneSimulator
		{5F4EAE44-4ABB-47E6-A5AA-7ED9791877A9}.Debug|iPhoneSimulator.Build.0 = Debug|iPhoneSimulator
		{5F4EAE44-4ABB-47E6-A5AA-7ED9791877A9}.Debug|iPhoneSimulator.Deploy.0 = Debug|iPhoneSimulator
		{5F4EAE44-4ABB-47E6-A5AA-7ED9791877A9}.Debug|x64.ActiveCfg = Debug|iPhoneSimulator
		{5F4EAE44-4ABB-47E6-A5AA-7ED9791877A9}.Debug|x64.Build.0 = Debug|iPhoneSimulator
		{5F4EAE44-4ABB-47E6-A5AA-7ED9791877A9}.Debug|x64.Deploy.0 = Debug|iPhoneSimulator
		{5F4EAE44-4ABB-47E6-A5AA-7ED9791877A9}.Debug|x86.ActiveCfg = Debug|iPhoneSimulator
		{5F4EAE44-4ABB-47E6-A5AA-7ED9791877A9}.Debug|x86.Build.0 = Debug|iPhoneSimulator
		{5F4EAE44-4ABB-47E6-A5AA-7ED9791877A9}.Debug|x86.Deploy.0 = Debug|iPhoneSimulator
		{5F4EAE44-4ABB-47E6-A5AA-7ED9791877A9}.Release|Any CPU.ActiveCfg = Release|iPhoneSimulator
		{5F4EAE44-4ABB-47E6-A5AA-7ED9791877A9}.Release|Any CPU.Build.0 = Release|iPhoneSimulator
		{5F4EAE44-4ABB-47E6-A5AA-7ED9791877A9}.Release|Any CPU.Deploy.0 = Release|iPhoneSimulator
		{5F4EAE44-4ABB-47E6-A5AA-7ED9791877A9}.Release|ARM.ActiveCfg = Release|iPhoneSimulator
		{5F4EAE44-4ABB-47E6-A5AA-7ED9791877A9}.Release|ARM.Build.0 = Release|iPhoneSimulator
		{5F4EAE44-4ABB-47E6-A5AA-7ED9791877A9}.Release|ARM.Deploy.0 = Release|iPhoneSimulator
		{5F4EAE44-4ABB-47E6-A5AA-7ED9791877A9}.Release|iPhone.ActiveCfg = Release|iPhone
		{5F4EAE44-4ABB-47E6-A5AA-7ED9791877A9}.Release|iPhone.Build.0 = Release|iPhone
		{5F4EAE44-4ABB-47E6-A5AA-7ED9791877A9}.Release|iPhone.Deploy.0 = Release|iPhone
		{5F4EAE44-4ABB-47E6-A5AA-7ED9791877A9}.Release|iPhoneSimulator.ActiveCfg = Release|iPhoneSimulator
		{5F4EAE44-4ABB-47E6-A5AA-7ED9791877A9}.Release|iPhoneSimulator.Build.0 = Release|iPhoneSimulator
		{5F4EAE44-4ABB-47E6-A5AA-7ED9791877A9}.Release|iPhoneSimulator.Deploy.0 = Release|iPhoneSimulator
		{5F4EAE44-4ABB-47E6-A5AA-7ED9791877A9}.Release|x64.ActiveCfg = Release|iPhoneSimulator
		{5F4EAE44-4ABB-47E6-A5AA-7ED9791877A9}.Release|x64.Build.0 = Release|iPhoneSimulator
		{5F4EAE44-4ABB-47E6-A5AA-7ED9791877A9}.Release|x64.Deploy.0 = Release|iPhoneSimulator
		{5F4EAE44-4ABB-47E6-A5AA-7ED9791877A9}.Release|x86.ActiveCfg = Release|iPhoneSimulator
		{5F4EAE44-4ABB-47E6-A5AA-7ED9791877A9}.Release|x86.Build.0 = Release|iPhoneSimulator
		{5F4EAE44-4ABB-47E6-A5AA-7ED9791877A9}.Release|x86.Deploy.0 = Release|iPhoneSimulator
		{B2C01D8E-3FCF-4152-8547-68F5C2CC008D}.Debug|Any CPU.ActiveCfg = Debug|Any CPU
		{B2C01D8E-3FCF-4152-8547-68F5C2CC008D}.Debug|Any CPU.Build.0 = Debug|Any CPU
		{B2C01D8E-3FCF-4152-8547-68F5C2CC008D}.Debug|Any CPU.Deploy.0 = Debug|Any CPU
		{B2C01D8E-3FCF-4152-8547-68F5C2CC008D}.Debug|ARM.ActiveCfg = Debug|Any CPU
		{B2C01D8E-3FCF-4152-8547-68F5C2CC008D}.Debug|ARM.Build.0 = Debug|Any CPU
		{B2C01D8E-3FCF-4152-8547-68F5C2CC008D}.Debug|ARM.Deploy.0 = Debug|Any CPU
		{B2C01D8E-3FCF-4152-8547-68F5C2CC008D}.Debug|iPhone.ActiveCfg = Debug|Any CPU
		{B2C01D8E-3FCF-4152-8547-68F5C2CC008D}.Debug|iPhone.Build.0 = Debug|Any CPU
		{B2C01D8E-3FCF-4152-8547-68F5C2CC008D}.Debug|iPhone.Deploy.0 = Debug|Any CPU
		{B2C01D8E-3FCF-4152-8547-68F5C2CC008D}.Debug|iPhoneSimulator.ActiveCfg = Debug|Any CPU
		{B2C01D8E-3FCF-4152-8547-68F5C2CC008D}.Debug|iPhoneSimulator.Build.0 = Debug|Any CPU
		{B2C01D8E-3FCF-4152-8547-68F5C2CC008D}.Debug|iPhoneSimulator.Deploy.0 = Debug|Any CPU
		{B2C01D8E-3FCF-4152-8547-68F5C2CC008D}.Debug|x64.ActiveCfg = Debug|Any CPU
		{B2C01D8E-3FCF-4152-8547-68F5C2CC008D}.Debug|x64.Build.0 = Debug|Any CPU
		{B2C01D8E-3FCF-4152-8547-68F5C2CC008D}.Debug|x64.Deploy.0 = Debug|Any CPU
		{B2C01D8E-3FCF-4152-8547-68F5C2CC008D}.Debug|x86.ActiveCfg = Debug|Any CPU
		{B2C01D8E-3FCF-4152-8547-68F5C2CC008D}.Debug|x86.Build.0 = Debug|Any CPU
		{B2C01D8E-3FCF-4152-8547-68F5C2CC008D}.Debug|x86.Deploy.0 = Debug|Any CPU
		{B2C01D8E-3FCF-4152-8547-68F5C2CC008D}.Release|Any CPU.ActiveCfg = Release|Any CPU
		{B2C01D8E-3FCF-4152-8547-68F5C2CC008D}.Release|Any CPU.Build.0 = Release|Any CPU
		{B2C01D8E-3FCF-4152-8547-68F5C2CC008D}.Release|Any CPU.Deploy.0 = Release|Any CPU
		{B2C01D8E-3FCF-4152-8547-68F5C2CC008D}.Release|ARM.ActiveCfg = Release|Any CPU
		{B2C01D8E-3FCF-4152-8547-68F5C2CC008D}.Release|ARM.Build.0 = Release|Any CPU
		{B2C01D8E-3FCF-4152-8547-68F5C2CC008D}.Release|ARM.Deploy.0 = Release|Any CPU
		{B2C01D8E-3FCF-4152-8547-68F5C2CC008D}.Release|iPhone.ActiveCfg = Release|Any CPU
		{B2C01D8E-3FCF-4152-8547-68F5C2CC008D}.Release|iPhone.Build.0 = Release|Any CPU
		{B2C01D8E-3FCF-4152-8547-68F5C2CC008D}.Release|iPhone.Deploy.0 = Release|Any CPU
		{B2C01D8E-3FCF-4152-8547-68F5C2CC008D}.Release|iPhoneSimulator.ActiveCfg = Release|Any CPU
		{B2C01D8E-3FCF-4152-8547-68F5C2CC008D}.Release|iPhoneSimulator.Build.0 = Release|Any CPU
		{B2C01D8E-3FCF-4152-8547-68F5C2CC008D}.Release|iPhoneSimulator.Deploy.0 = Release|Any CPU
		{B2C01D8E-3FCF-4152-8547-68F5C2CC008D}.Release|x64.ActiveCfg = Release|Any CPU
		{B2C01D8E-3FCF-4152-8547-68F5C2CC008D}.Release|x64.Build.0 = Release|Any CPU
		{B2C01D8E-3FCF-4152-8547-68F5C2CC008D}.Release|x64.Deploy.0 = Release|Any CPU
		{B2C01D8E-3FCF-4152-8547-68F5C2CC008D}.Release|x86.ActiveCfg = Release|Any CPU
		{B2C01D8E-3FCF-4152-8547-68F5C2CC008D}.Release|x86.Build.0 = Release|Any CPU
		{B2C01D8E-3FCF-4152-8547-68F5C2CC008D}.Release|x86.Deploy.0 = Release|Any CPU
	EndGlobalSection
	GlobalSection(SolutionProperties) = preSolution
		HideSolutionNode = FALSE
	EndGlobalSection
	GlobalSection(ExtensibilityGlobals) = postSolution
		SolutionGuid = {AF46534E-ECDD-4109-BEB6-ABC20FD9257C}
	EndGlobalSection
EndGlobal
